
Microsoft Visual Studio Solution File, Format Version 12.00
# Visual Studio Version 17
VisualStudioVersion = 17.7.34031.279
MinimumVisualStudioVersion = 10.0.40219.1
Project("{FAE04EC0-301F-11D3-BF4B-00C04F79EFBC}") = "MVC-Hamburger-Project", "MVC-Hamburger-Project\MVC-Hamburger-Project.csproj", "{027D4439-D4EB-4F74-A19C-1E7587C7885F}"
EndProject
Project("{FAE04EC0-301F-11D3-BF4B-00C04F79EFBC}") = "Hamburger-DATA", "Hamburger-DATA\Hamburger-DATA.csproj", "{6FCE1336-1FFE-4C27-AC0F-27B99B195ADE}"
EndProject
Project("{FAE04EC0-301F-11D3-BF4B-00C04F79EFBC}") = "Hamburger-DAL", "Hamburger-DAL\Hamburger-DAL.csproj", "{81EE7237-7D56-43DB-963E-5D4241EAC41C}"
EndProject
Project("{FAE04EC0-301F-11D3-BF4B-00C04F79EFBC}") = "Hamburger-Service", "Hamburger-Service\Hamburger-Service.csproj", "{5868EA85-3D76-47F0-9389-460C8796A474}"
EndProject
Global
	GlobalSection(SolutionConfigurationPlatforms) = preSolution
		Debug|Any CPU = Debug|Any CPU
		Release|Any CPU = Release|Any CPU
	EndGlobalSection
	GlobalSection(ProjectConfigurationPlatforms) = postSolution
		{027D4439-D4EB-4F74-A19C-1E7587C7885F}.Debug|Any CPU.ActiveCfg = Debug|Any CPU
		{027D4439-D4EB-4F74-A19C-1E7587C7885F}.Debug|Any CPU.Build.0 = Debug|Any CPU
		{027D4439-D4EB-4F74-A19C-1E7587C7885F}.Release|Any CPU.ActiveCfg = Release|Any CPU
		{027D4439-D4EB-4F74-A19C-1E7587C7885F}.Release|Any CPU.Build.0 = Release|Any CPU
		{6FCE1336-1FFE-4C27-AC0F-27B99B195ADE}.Debug|Any CPU.ActiveCfg = Debug|Any CPU
		{6FCE1336-1FFE-4C27-AC0F-27B99B195ADE}.Debug|Any CPU.Build.0 = Debug|Any CPU
		{6FCE1336-1FFE-4C27-AC0F-27B99B195ADE}.Release|Any CPU.ActiveCfg = Release|Any CPU
		{6FCE1336-1FFE-4C27-AC0F-27B99B195ADE}.Release|Any CPU.Build.0 = Release|Any CPU
		{81EE7237-7D56-43DB-963E-5D4241EAC41C}.Debug|Any CPU.ActiveCfg = Debug|Any CPU
		{81EE7237-7D56-43DB-963E-5D4241EAC41C}.Debug|Any CPU.Build.0 = Debug|Any CPU
		{81EE7237-7D56-43DB-963E-5D4241EAC41C}.Release|Any CPU.ActiveCfg = Release|Any CPU
		{81EE7237-7D56-43DB-963E-5D4241EAC41C}.Release|Any CPU.Build.0 = Release|Any CPU
		{5868EA85-3D76-47F0-9389-460C8796A474}.Debug|Any CPU.ActiveCfg = Debug|Any CPU
		{5868EA85-3D76-47F0-9389-460C8796A474}.Debug|Any CPU.Build.0 = Debug|Any CPU
		{5868EA85-3D76-47F0-9389-460C8796A474}.Release|Any CPU.ActiveCfg = Release|Any CPU
		{5868EA85-3D76-47F0-9389-460C8796A474}.Release|Any CPU.Build.0 = Release|Any CPU
	EndGlobalSection
	GlobalSection(SolutionProperties) = preSolution
		HideSolutionNode = FALSE
	EndGlobalSection
	GlobalSection(ExtensibilityGlobals) = postSolution
		SolutionGuid = {5194B56D-E59F-4A3F-B5C1-89CB86E0A8F7}
	EndGlobalSection
EndGlobal
